
Microsoft Visual Studio Solution File, Format Version 12.00
# Visual Studio Version 17
VisualStudioVersion = 17.13.35931.197 d17.13
MinimumVisualStudioVersion = 10.0.40219.1
Project("{FAE04EC0-301F-11D3-BF4B-00C04F79EFBC}") = "SistemaRRHH", "SistemaRRHH.csproj", "{6DE3D5A6-59F8-47AB-861A-1520BDBCC3C0}"
EndProject
Global
	GlobalSection(SolutionConfigurationPlatforms) = preSolution
		Debug|Any CPU = Debug|Any CPU
		Release|Any CPU = Release|Any CPU
	EndGlobalSection
	GlobalSection(ProjectConfigurationPlatforms) = postSolution
		{6DE3D5A6-59F8-47AB-861A-1520BDBCC3C0}.Debug|Any CPU.ActiveCfg = Debug|Any CPU
		{6DE3D5A6-59F8-47AB-861A-1520BDBCC3C0}.Debug|Any CPU.Build.0 = Debug|Any CPU
		{6DE3D5A6-59F8-47AB-861A-1520BDBCC3C0}.Release|Any CPU.ActiveCfg = Release|Any CPU
		{6DE3D5A6-59F8-47AB-861A-1520BDBCC3C0}.Release|Any CPU.Build.0 = Release|Any CPU
	EndGlobalSection
	GlobalSection(SolutionProperties) = preSolution
		HideSolutionNode = FALSE
	EndGlobalSection
	GlobalSection(ExtensibilityGlobals) = postSolution
		SolutionGuid = {B631482C-2ECD-4E41-8F1D-96A11251E2E1}
	EndGlobalSection
EndGlobal
